// !$*UTF8*$!
{
	archiveVersion = 1;
	classes = {
	};
	objectVersion = 77;
	objects = {

/* Begin PBXBuildFile section */
		495160122D9E9F3F00481B67 /* CharacterAnimationView.swift in Sources */ = {isa = PBXBuildFile; fileRef = 495160112D9E9F3F00481B67 /* CharacterAnimationView.swift */; };
		495CE5712D9C1A810011E790 /* LocationSelectionView.swift in Sources */ = {isa = PBXBuildFile; fileRef = 495CE5672D9C1A810011E790 /* LocationSelectionView.swift */; };
		495CE5722D9C1A810011E790 /* LocationViewModel.swift in Sources */ = {isa = PBXBuildFile; fileRef = 495CE55E2D9C1A810011E790 /* LocationViewModel.swift */; };
		495CE5732D9C1A810011E790 /* WeatherOutFitApp.swift in Sources */ = {isa = PBXBuildFile; fileRef = 495CE56C2D9C1A810011E790 /* WeatherOutFitApp.swift */; };
		495CE5742D9C1A810011E790 /* OutfitRecommender.swift in Sources */ = {isa = PBXBuildFile; fileRef = 495CE5572D9C1A810011E790 /* OutfitRecommender.swift */; };
		495CE5752D9C1A810011E790 /* LocationDetailView.swift in Sources */ = {isa = PBXBuildFile; fileRef = 495CE5642D9C1A810011E790 /* LocationDetailView.swift */; };
		495CE5762D9C1A810011E790 /* LocationRow.swift in Sources */ = {isa = PBXBuildFile; fileRef = 495CE5662D9C1A810011E790 /* LocationRow.swift */; };
		495CE5772D9C1A810011E790 /* ContentView.swift in Sources */ = {isa = PBXBuildFile; fileRef = 495CE56F2D9C1A810011E790 /* ContentView.swift */; };
		495CE5782D9C1A810011E790 /* PreferencesView.swift in Sources */ = {isa = PBXBuildFile; fileRef = 495CE56A2D9C1A810011E790 /* PreferencesView.swift */; };
		495CE5792D9C1A810011E790 /* GenderSelectionView.swift in Sources */ = {isa = PBXBuildFile; fileRef = 495CE5632D9C1A810011E790 /* GenderSelectionView.swift */; };
		495CE57B2D9C1A810011E790 /* WeatherIconManager.swift in Sources */ = {isa = PBXBuildFile; fileRef = 495CE5582D9C1A810011E790 /* WeatherIconManager.swift */; };
		495CE57C2D9C1A810011E790 /* LocationStore.swift in Sources */ = {isa = PBXBuildFile; fileRef = 495CE55D2D9C1A810011E790 /* LocationStore.swift */; };
		495CE57D2D9C1A810011E790 /* LocationMapView.swift in Sources */ = {isa = PBXBuildFile; fileRef = 495CE5652D9C1A810011E790 /* LocationMapView.swift */; };
		495CE57E2D9C1A810011E790 /* Gender.swift in Sources */ = {isa = PBXBuildFile; fileRef = 495CE5502D9C1A810011E790 /* Gender.swift */; };
		495CE57F2D9C1A810011E790 /* UserPreferences.swift in Sources */ = {isa = PBXBuildFile; fileRef = 495CE5522D9C1A810011E790 /* UserPreferences.swift */; };
		495CE5802D9C1A810011E790 /* WeatherDetailView.swift in Sources */ = {isa = PBXBuildFile; fileRef = 495CE56B2D9C1A810011E790 /* WeatherDetailView.swift */; };
		495CE5812D9C1A810011E790 /* ForcastView.swift in Sources */ = {isa = PBXBuildFile; fileRef = 495CE5622D9C1A810011E790 /* ForcastView.swift */; };
		495CE5822D9C1A810011E790 /* Location.swift in Sources */ = {isa = PBXBuildFile; fileRef = 495CE5512D9C1A810011E790 /* Location.swift */; };
		495CE5832D9C1A810011E790 /* MainView.swift in Sources */ = {isa = PBXBuildFile; fileRef = 495CE5682D9C1A810011E790 /* MainView.swift */; };
		495CE5842D9C1A810011E790 /* WeatherService.swift in Sources */ = {isa = PBXBuildFile; fileRef = 495CE5592D9C1A810011E790 /* WeatherService.swift */; };
		495CE5852D9C1A810011E790 /* ErrorView.swift in Sources */ = {isa = PBXBuildFile; fileRef = 495CE55B2D9C1A810011E790 /* ErrorView.swift */; };
		495CE5862D9C1A810011E790 /* WeatherViewModel.swift in Sources */ = {isa = PBXBuildFile; fileRef = 495CE55F2D9C1A810011E790 /* WeatherViewModel.swift */; };
		495CE5872D9C1A810011E790 /* WeatherData.swift in Sources */ = {isa = PBXBuildFile; fileRef = 495CE5532D9C1A810011E790 /* WeatherData.swift */; };
		495CE5882D9C1A810011E790 /* AddLocationView.swift in Sources */ = {isa = PBXBuildFile; fileRef = 495CE5612D9C1A810011E790 /* AddLocationView.swift */; };
		495CE5892D9C1A810011E790 /* Preview Assets.xcassets in Resources */ = {isa = PBXBuildFile; fileRef = 495CE5552D9C1A810011E790 /* Preview Assets.xcassets */; };
		495CE58A2D9C1A810011E790 /* Assets.xcassets in Resources */ = {isa = PBXBuildFile; fileRef = 495CE56E2D9C1A810011E790 /* Assets.xcassets */; };
/* End PBXBuildFile section */

/* Begin PBXFileReference section */
		4951600B2D9D1A6C00481B67 /* Info.plist */ = {isa = PBXFileReference; lastKnownFileType = text.plist.xml; path = Info.plist; sourceTree = "<group>"; };
		495160112D9E9F3F00481B67 /* CharacterAnimationView.swift */ = {isa = PBXFileReference; lastKnownFileType = sourcecode.swift; path = CharacterAnimationView.swift; sourceTree = "<group>"; };
		495CE4E82D9414060011E790 /* WeatherOutFit.app */ = {isa = PBXFileReference; explicitFileType = wrapper.application; includeInIndex = 0; path = WeatherOutFit.app; sourceTree = BUILT_PRODUCTS_DIR; };
		495CE5502D9C1A810011E790 /* Gender.swift */ = {isa = PBXFileReference; lastKnownFileType = sourcecode.swift; path = Gender.swift; sourceTree = "<group>"; };
		495CE5512D9C1A810011E790 /* Location.swift */ = {isa = PBXFileReference; lastKnownFileType = sourcecode.swift; path = Location.swift; sourceTree = "<group>"; };
		495CE5522D9C1A810011E790 /* UserPreferences.swift */ = {isa = PBXFileReference; lastKnownFileType = sourcecode.swift; path = UserPreferences.swift; sourceTree = "<group>"; };
		495CE5532D9C1A810011E790 /* WeatherData.swift */ = {isa = PBXFileReference; lastKnownFileType = sourcecode.swift; path = WeatherData.swift; sourceTree = "<group>"; };
		495CE5552D9C1A810011E790 /* Preview Assets.xcassets */ = {isa = PBXFileReference; lastKnownFileType = folder.assetcatalog; path = "Preview Assets.xcassets"; sourceTree = "<group>"; };
		495CE5572D9C1A810011E790 /* OutfitRecommender.swift */ = {isa = PBXFileReference; lastKnownFileType = sourcecode.swift; path = OutfitRecommender.swift; sourceTree = "<group>"; };
		495CE5582D9C1A810011E790 /* WeatherIconManager.swift */ = {isa = PBXFileReference; lastKnownFileType = sourcecode.swift; path = WeatherIconManager.swift; sourceTree = "<group>"; };
		495CE5592D9C1A810011E790 /* WeatherService.swift */ = {isa = PBXFileReference; lastKnownFileType = sourcecode.swift; path = WeatherService.swift; sourceTree = "<group>"; };
		495CE55B2D9C1A810011E790 /* ErrorView.swift */ = {isa = PBXFileReference; lastKnownFileType = sourcecode.swift; path = ErrorView.swift; sourceTree = "<group>"; };
		495CE55D2D9C1A810011E790 /* LocationStore.swift */ = {isa = PBXFileReference; lastKnownFileType = sourcecode.swift; path = LocationStore.swift; sourceTree = "<group>"; };
		495CE55E2D9C1A810011E790 /* LocationViewModel.swift */ = {isa = PBXFileReference; lastKnownFileType = sourcecode.swift; path = LocationViewModel.swift; sourceTree = "<group>"; };
		495CE55F2D9C1A810011E790 /* WeatherViewModel.swift */ = {isa = PBXFileReference; lastKnownFileType = sourcecode.swift; path = WeatherViewModel.swift; sourceTree = "<group>"; };
		495CE5612D9C1A810011E790 /* AddLocationView.swift */ = {isa = PBXFileReference; lastKnownFileType = sourcecode.swift; path = AddLocationView.swift; sourceTree = "<group>"; };
		495CE5622D9C1A810011E790 /* ForcastView.swift */ = {isa = PBXFileReference; lastKnownFileType = sourcecode.swift; path = ForcastView.swift; sourceTree = "<group>"; };
		495CE5632D9C1A810011E790 /* GenderSelectionView.swift */ = {isa = PBXFileReference; lastKnownFileType = sourcecode.swift; path = GenderSelectionView.swift; sourceTree = "<group>"; };
		495CE5642D9C1A810011E790 /* LocationDetailView.swift */ = {isa = PBXFileReference; lastKnownFileType = sourcecode.swift; path = LocationDetailView.swift; sourceTree = "<group>"; };
		495CE5652D9C1A810011E790 /* LocationMapView.swift */ = {isa = PBXFileReference; lastKnownFileType = sourcecode.swift; path = LocationMapView.swift; sourceTree = "<group>"; };
		495CE5662D9C1A810011E790 /* LocationRow.swift */ = {isa = PBXFileReference; lastKnownFileType = sourcecode.swift; path = LocationRow.swift; sourceTree = "<group>"; };
		495CE5672D9C1A810011E790 /* LocationSelectionView.swift */ = {isa = PBXFileReference; lastKnownFileType = sourcecode.swift; path = LocationSelectionView.swift; sourceTree = "<group>"; };
		495CE5682D9C1A810011E790 /* MainView.swift */ = {isa = PBXFileReference; lastKnownFileType = sourcecode.swift; path = MainView.swift; sourceTree = "<group>"; };
		495CE56A2D9C1A810011E790 /* PreferencesView.swift */ = {isa = PBXFileReference; lastKnownFileType = sourcecode.swift; path = PreferencesView.swift; sourceTree = "<group>"; };
		495CE56B2D9C1A810011E790 /* WeatherDetailView.swift */ = {isa = PBXFileReference; lastKnownFileType = sourcecode.swift; path = WeatherDetailView.swift; sourceTree = "<group>"; };
		495CE56C2D9C1A810011E790 /* WeatherOutFitApp.swift */ = {isa = PBXFileReference; lastKnownFileType = sourcecode.swift; path = WeatherOutFitApp.swift; sourceTree = "<group>"; };
		495CE56E2D9C1A810011E790 /* Assets.xcassets */ = {isa = PBXFileReference; lastKnownFileType = folder.assetcatalog; path = Assets.xcassets; sourceTree = "<group>"; };
		495CE56F2D9C1A810011E790 /* ContentView.swift */ = {isa = PBXFileReference; lastKnownFileType = sourcecode.swift; path = ContentView.swift; sourceTree = "<group>"; };
/* End PBXFileReference section */

/* Begin PBXFileSystemSynchronizedRootGroup section */
		495CE4FB2D9414070011E790 /* WeatherOutFitTests */ = {
			isa = PBXFileSystemSynchronizedRootGroup;
			path = WeatherOutFitTests;
			sourceTree = "<group>";
		};
		495CE5052D9414070011E790 /* WeatherOutFitUITests */ = {
			isa = PBXFileSystemSynchronizedRootGroup;
			path = WeatherOutFitUITests;
			sourceTree = "<group>";
		};
/* End PBXFileSystemSynchronizedRootGroup section */

/* Begin PBXFrameworksBuildPhase section */
		495CE4E52D9414060011E790 /* Frameworks */ = {
			isa = PBXFrameworksBuildPhase;
			buildActionMask = 2147483647;
			files = (
			);
			runOnlyForDeploymentPostprocessing = 0;
		};
/* End PBXFrameworksBuildPhase section */

/* Begin PBXGroup section */
		495CE4DF2D9414060011E790 = {
			isa = PBXGroup;
			children = (
				495CE5702D9C1A810011E790 /* WeatherOutFit */,
				495CE4FB2D9414070011E790 /* WeatherOutFitTests */,
				495CE5052D9414070011E790 /* WeatherOutFitUITests */,
				495CE4E92D9414060011E790 /* Products */,
			);
			sourceTree = "<group>";
		};
		495CE4E92D9414060011E790 /* Products */ = {
			isa = PBXGroup;
			children = (
				495CE4E82D9414060011E790 /* WeatherOutFit.app */,
			);
			name = Products;
			sourceTree = "<group>";
		};
		495CE54F2D9C1A810011E790 /* Managers */ = {
			isa = PBXGroup;
			children = (
			);
			path = Managers;
			sourceTree = "<group>";
		};
		495CE5542D9C1A810011E790 /* Models */ = {
			isa = PBXGroup;
			children = (
				495CE5502D9C1A810011E790 /* Gender.swift */,
				495CE5512D9C1A810011E790 /* Location.swift */,
				495CE5522D9C1A810011E790 /* UserPreferences.swift */,
				495CE5532D9C1A810011E790 /* WeatherData.swift */,
			);
			path = Models;
			sourceTree = "<group>";
		};
		495CE5562D9C1A810011E790 /* Preview Content */ = {
			isa = PBXGroup;
			children = (
				495CE5552D9C1A810011E790 /* Preview Assets.xcassets */,
			);
			path = "Preview Content";
			sourceTree = "<group>";
		};
		495CE55A2D9C1A810011E790 /* Services */ = {
			isa = PBXGroup;
			children = (
				495CE5572D9C1A810011E790 /* OutfitRecommender.swift */,
				495CE5582D9C1A810011E790 /* WeatherIconManager.swift */,
				495CE5592D9C1A810011E790 /* WeatherService.swift */,
			);
			path = Services;
			sourceTree = "<group>";
		};
		495CE55C2D9C1A810011E790 /* Utilities */ = {
			isa = PBXGroup;
			children = (
				495CE55B2D9C1A810011E790 /* ErrorView.swift */,
			);
			path = Utilities;
			sourceTree = "<group>";
		};
		495CE5602D9C1A810011E790 /* ViewModels */ = {
			isa = PBXGroup;
			children = (
				495CE55D2D9C1A810011E790 /* LocationStore.swift */,
				495CE55E2D9C1A810011E790 /* LocationViewModel.swift */,
				495CE55F2D9C1A810011E790 /* WeatherViewModel.swift */,
			);
			path = ViewModels;
			sourceTree = "<group>";
		};
		495CE56D2D9C1A810011E790 /* Views */ = {
			isa = PBXGroup;
			children = (
				495CE5612D9C1A810011E790 /* AddLocationView.swift */,
				495CE5622D9C1A810011E790 /* ForcastView.swift */,
				495CE5632D9C1A810011E790 /* GenderSelectionView.swift */,
				495160112D9E9F3F00481B67 /* CharacterAnimationView.swift */,
				495CE5642D9C1A810011E790 /* LocationDetailView.swift */,
				495CE5652D9C1A810011E790 /* LocationMapView.swift */,
				495CE5662D9C1A810011E790 /* LocationRow.swift */,
				495CE5672D9C1A810011E790 /* LocationSelectionView.swift */,
				495CE5682D9C1A810011E790 /* MainView.swift */,
				495CE56A2D9C1A810011E790 /* PreferencesView.swift */,
				495CE56B2D9C1A810011E790 /* WeatherDetailView.swift */,
				495CE56C2D9C1A810011E790 /* WeatherOutFitApp.swift */,
			);
			path = Views;
			sourceTree = "<group>";
		};
		495CE5702D9C1A810011E790 /* WeatherOutFit */ = {
			isa = PBXGroup;
			children = (
				495CE54F2D9C1A810011E790 /* Managers */,
				495CE5542D9C1A810011E790 /* Models */,
				495CE5562D9C1A810011E790 /* Preview Content */,
				495CE55A2D9C1A810011E790 /* Services */,
				495CE55C2D9C1A810011E790 /* Utilities */,
				495CE5602D9C1A810011E790 /* ViewModels */,
				495CE56D2D9C1A810011E790 /* Views */,
				495CE56E2D9C1A810011E790 /* Assets.xcassets */,
				495CE56F2D9C1A810011E790 /* ContentView.swift */,
				4951600B2D9D1A6C00481B67 /* Info.plist */,
			);
			path = WeatherOutFit;
			sourceTree = "<group>";
		};
/* End PBXGroup section */

/* Begin PBXNativeTarget section */
		495CE4E72D9414060011E790 /* WeatherOutFit */ = {
			isa = PBXNativeTarget;
			buildConfigurationList = 495CE50C2D9414070011E790 /* Build configuration list for PBXNativeTarget "WeatherOutFit" */;
			buildPhases = (
				495CE4E42D9414060011E790 /* Sources */,
				495CE4E52D9414060011E790 /* Frameworks */,
				495CE4E62D9414060011E790 /* Resources */,
			);
			buildRules = (
			);
			dependencies = (
			);
			name = WeatherOutFit;
			packageProductDependencies = (
			);
			productName = WeatherOutFit;
			productReference = 495CE4E82D9414060011E790 /* WeatherOutFit.app */;
			productType = "com.apple.product-type.application";
		};
/* End PBXNativeTarget section */

/* Begin PBXProject section */
		495CE4E02D9414060011E790 /* Project object */ = {
			isa = PBXProject;
			attributes = {
				BuildIndependentTargetsInParallel = 1;
				LastSwiftUpdateCheck = 1610;
				LastUpgradeCheck = 1610;
				TargetAttributes = {
					495CE4E72D9414060011E790 = {
						CreatedOnToolsVersion = 16.1;
					};
				};
			};
			buildConfigurationList = 495CE4E32D9414060011E790 /* Build configuration list for PBXProject "WeatherOutFit" */;
			developmentRegion = en;
			hasScannedForEncodings = 0;
			knownRegions = (
				en,
				Base,
			);
			mainGroup = 495CE4DF2D9414060011E790;
			minimizedProjectReferenceProxies = 1;
			preferredProjectObjectVersion = 77;
			productRefGroup = 495CE4E92D9414060011E790 /* Products */;
			projectDirPath = "";
			projectRoot = "";
			targets = (
				495CE4E72D9414060011E790 /* WeatherOutFit */,
			);
		};
/* End PBXProject section */

/* Begin PBXResourcesBuildPhase section */
		495CE4E62D9414060011E790 /* Resources */ = {
			isa = PBXResourcesBuildPhase;
			buildActionMask = 2147483647;
			files = (
				495CE5892D9C1A810011E790 /* Preview Assets.xcassets in Resources */,
				495CE58A2D9C1A810011E790 /* Assets.xcassets in Resources */,
			);
			runOnlyForDeploymentPostprocessing = 0;
		};
/* End PBXResourcesBuildPhase section */

/* Begin PBXSourcesBuildPhase section */
		495CE4E42D9414060011E790 /* Sources */ = {
			isa = PBXSourcesBuildPhase;
			buildActionMask = 2147483647;
			files = (
				495CE5712D9C1A810011E790 /* LocationSelectionView.swift in Sources */,
				495CE5722D9C1A810011E790 /* LocationViewModel.swift in Sources */,
				495CE5732D9C1A810011E790 /* WeatherOutFitApp.swift in Sources */,
				495CE5742D9C1A810011E790 /* OutfitRecommender.swift in Sources */,
				495CE5752D9C1A810011E790 /* LocationDetailView.swift in Sources */,
				495CE5762D9C1A810011E790 /* LocationRow.swift in Sources */,
				495CE5772D9C1A810011E790 /* ContentView.swift in Sources */,
				495160122D9E9F3F00481B67 /* CharacterAnimationView.swift in Sources */,
				495CE5782D9C1A810011E790 /* PreferencesView.swift in Sources */,
				495CE5792D9C1A810011E790 /* GenderSelectionView.swift in Sources */,
				495CE57B2D9C1A810011E790 /* WeatherIconManager.swift in Sources */,
				495CE57C2D9C1A810011E790 /* LocationStore.swift in Sources */,
				495CE57D2D9C1A810011E790 /* LocationMapView.swift in Sources */,
				495CE57E2D9C1A810011E790 /* Gender.swift in Sources */,
				495CE57F2D9C1A810011E790 /* UserPreferences.swift in Sources */,
				495CE5802D9C1A810011E790 /* WeatherDetailView.swift in Sources */,
				495CE5812D9C1A810011E790 /* ForcastView.swift in Sources */,
				495CE5822D9C1A810011E790 /* Location.swift in Sources */,
				495CE5832D9C1A810011E790 /* MainView.swift in Sources */,
				495CE5842D9C1A810011E790 /* WeatherService.swift in Sources */,
				495CE5852D9C1A810011E790 /* ErrorView.swift in Sources */,
				495CE5862D9C1A810011E790 /* WeatherViewModel.swift in Sources */,
				495CE5872D9C1A810011E790 /* WeatherData.swift in Sources */,
				495CE5882D9C1A810011E790 /* AddLocationView.swift in Sources */,
			);
			runOnlyForDeploymentPostprocessing = 0;
		};
/* End PBXSourcesBuildPhase section */

/* Begin XCBuildConfiguration section */
		495CE50A2D9414070011E790 /* Debug */ = {
			isa = XCBuildConfiguration;
			buildSettings = {
				ALWAYS_SEARCH_USER_PATHS = NO;
				ASSETCATALOG_COMPILER_GENERATE_SWIFT_ASSET_SYMBOL_EXTENSIONS = YES;
				CLANG_ANALYZER_NONNULL = YES;
				CLANG_ANALYZER_NUMBER_OBJECT_CONVERSION = YES_AGGRESSIVE;
				CLANG_CXX_LANGUAGE_STANDARD = "gnu++20";
				CLANG_ENABLE_MODULES = YES;
				CLANG_ENABLE_OBJC_ARC = YES;
				CLANG_ENABLE_OBJC_WEAK = YES;
				CLANG_WARN_BLOCK_CAPTURE_AUTORELEASING = YES;
				CLANG_WARN_BOOL_CONVERSION = YES;
				CLANG_WARN_COMMA = YES;
				CLANG_WARN_CONSTANT_CONVERSION = YES;
				CLANG_WARN_DEPRECATED_OBJC_IMPLEMENTATIONS = YES;
				CLANG_WARN_DIRECT_OBJC_ISA_USAGE = YES_ERROR;
				CLANG_WARN_DOCUMENTATION_COMMENTS = YES;
				CLANG_WARN_EMPTY_BODY = YES;
				CLANG_WARN_ENUM_CONVERSION = YES;
				CLANG_WARN_INFINITE_RECURSION = YES;
				CLANG_WARN_INT_CONVERSION = YES;
				CLANG_WARN_NON_LITERAL_NULL_CONVERSION = YES;
				CLANG_WARN_OBJC_IMPLICIT_RETAIN_SELF = YES;
				CLANG_WARN_OBJC_LITERAL_CONVERSION = YES;
				CLANG_WARN_OBJC_ROOT_CLASS = YES_ERROR;
				CLANG_WARN_QUOTED_INCLUDE_IN_FRAMEWORK_HEADER = YES;
				CLANG_WARN_RANGE_LOOP_ANALYSIS = YES;
				CLANG_WARN_STRICT_PROTOTYPES = YES;
				CLANG_WARN_SUSPICIOUS_MOVE = YES;
				CLANG_WARN_UNGUARDED_AVAILABILITY = YES_AGGRESSIVE;
				CLANG_WARN_UNREACHABLE_CODE = YES;
				CLANG_WARN__DUPLICATE_METHOD_MATCH = YES;
				COPY_PHASE_STRIP = NO;
				DEBUG_INFORMATION_FORMAT = dwarf;
				ENABLE_STRICT_OBJC_MSGSEND = YES;
				ENABLE_TESTABILITY = YES;
				ENABLE_USER_SCRIPT_SANDBOXING = YES;
				GCC_C_LANGUAGE_STANDARD = gnu17;
				GCC_DYNAMIC_NO_PIC = NO;
				GCC_NO_COMMON_BLOCKS = YES;
				GCC_OPTIMIZATION_LEVEL = 0;
				GCC_PREPROCESSOR_DEFINITIONS = (
					"DEBUG=1",
					"$(inherited)",
				);
				GCC_WARN_64_TO_32_BIT_CONVERSION = YES;
				GCC_WARN_ABOUT_RETURN_TYPE = YES_ERROR;
				GCC_WARN_UNDECLARED_SELECTOR = YES;
				GCC_WARN_UNINITIALIZED_AUTOS = YES_AGGRESSIVE;
				GCC_WARN_UNUSED_FUNCTION = YES;
				GCC_WARN_UNUSED_VARIABLE = YES;
				IPHONEOS_DEPLOYMENT_TARGET = 18.1;
				LOCALIZATION_PREFERS_STRING_CATALOGS = YES;
				MTL_ENABLE_DEBUG_INFO = INCLUDE_SOURCE;
				MTL_FAST_MATH = YES;
				ONLY_ACTIVE_ARCH = YES;
				SDKROOT = iphoneos;
				SWIFT_ACTIVE_COMPILATION_CONDITIONS = "DEBUG $(inherited)";
				SWIFT_OPTIMIZATION_LEVEL = "-Onone";
			};
			name = Debug;
		};
		495CE50B2D9414070011E790 /* Release */ = {
			isa = XCBuildConfiguration;
			buildSettings = {
				ALWAYS_SEARCH_USER_PATHS = NO;
				ASSETCATALOG_COMPILER_GENERATE_SWIFT_ASSET_SYMBOL_EXTENSIONS = YES;
				CLANG_ANALYZER_NONNULL = YES;
				CLANG_ANALYZER_NUMBER_OBJECT_CONVERSION = YES_AGGRESSIVE;
				CLANG_CXX_LANGUAGE_STANDARD = "gnu++20";
				CLANG_ENABLE_MODULES = YES;
				CLANG_ENABLE_OBJC_ARC = YES;
				CLANG_ENABLE_OBJC_WEAK = YES;
				CLANG_WARN_BLOCK_CAPTURE_AUTORELEASING = YES;
				CLANG_WARN_BOOL_CONVERSION = YES;
				CLANG_WARN_COMMA = YES;
				CLANG_WARN_CONSTANT_CONVERSION = YES;
				CLANG_WARN_DEPRECATED_OBJC_IMPLEMENTATIONS = YES;
				CLANG_WARN_DIRECT_OBJC_ISA_USAGE = YES_ERROR;
				CLANG_WARN_DOCUMENTATION_COMMENTS = YES;
				CLANG_WARN_EMPTY_BODY = YES;
				CLANG_WARN_ENUM_CONVERSION = YES;
				CLANG_WARN_INFINITE_RECURSION = YES;
				CLANG_WARN_INT_CONVERSION = YES;
				CLANG_WARN_NON_LITERAL_NULL_CONVERSION = YES;
				CLANG_WARN_OBJC_IMPLICIT_RETAIN_SELF = YES;
				CLANG_WARN_OBJC_LITERAL_CONVERSION = YES;
				CLANG_WARN_OBJC_ROOT_CLASS = YES_ERROR;
				CLANG_WARN_QUOTED_INCLUDE_IN_FRAMEWORK_HEADER = YES;
				CLANG_WARN_RANGE_LOOP_ANALYSIS = YES;
				CLANG_WARN_STRICT_PROTOTYPES = YES;
				CLANG_WARN_SUSPICIOUS_MOVE = YES;
				CLANG_WARN_UNGUARDED_AVAILABILITY = YES_AGGRESSIVE;
				CLANG_WARN_UNREACHABLE_CODE = YES;
				CLANG_WARN__DUPLICATE_METHOD_MATCH = YES;
				COPY_PHASE_STRIP = NO;
				DEBUG_INFORMATION_FORMAT = "dwarf-with-dsym";
				ENABLE_NS_ASSERTIONS = NO;
				ENABLE_STRICT_OBJC_MSGSEND = YES;
				ENABLE_USER_SCRIPT_SANDBOXING = YES;
				GCC_C_LANGUAGE_STANDARD = gnu17;
				GCC_NO_COMMON_BLOCKS = YES;
				GCC_WARN_64_TO_32_BIT_CONVERSION = YES;
				GCC_WARN_ABOUT_RETURN_TYPE = YES_ERROR;
				GCC_WARN_UNDECLARED_SELECTOR = YES;
				GCC_WARN_UNINITIALIZED_AUTOS = YES_AGGRESSIVE;
				GCC_WARN_UNUSED_FUNCTION = YES;
				GCC_WARN_UNUSED_VARIABLE = YES;
				IPHONEOS_DEPLOYMENT_TARGET = 18.1;
				LOCALIZATION_PREFERS_STRING_CATALOGS = YES;
				MTL_ENABLE_DEBUG_INFO = NO;
				MTL_FAST_MATH = YES;
				SDKROOT = iphoneos;
				SWIFT_COMPILATION_MODE = wholemodule;
				VALIDATE_PRODUCT = YES;
			};
			name = Release;
		};
		495CE50D2D9414070011E790 /* Debug */ = {
			isa = XCBuildConfiguration;
			buildSettings = {
				ASSETCATALOG_COMPILER_APPICON_NAME = AppIcon;
				ASSETCATALOG_COMPILER_GLOBAL_ACCENT_COLOR_NAME = AccentColor;
				CODE_SIGN_STYLE = Automatic;
				CURRENT_PROJECT_VERSION = 1;
				DEVELOPMENT_ASSET_PATHS = "\"WeatherOutFit/Preview Content\"";
				DEVELOPMENT_TEAM = 5UAB2YDZ59;
				ENABLE_PREVIEWS = YES;
				GENERATE_INFOPLIST_FILE = YES;
				"INFOPLIST_FILE[sdk=*]" = WeatherOutFit/Info.plist;
				INFOPLIST_KEY_UIApplicationSceneManifest_Generation = YES;
				INFOPLIST_KEY_UIApplicationSupportsIndirectInputEvents = YES;
				INFOPLIST_KEY_UILaunchScreen_Generation = YES;
				INFOPLIST_KEY_UISupportedInterfaceOrientations_iPad = "UIInterfaceOrientationPortrait UIInterfaceOrientationPortraitUpsideDown UIInterfaceOrientationLandscapeLeft UIInterfaceOrientationLandscapeRight";
				INFOPLIST_KEY_UISupportedInterfaceOrientations_iPhone = "UIInterfaceOrientationPortrait UIInterfaceOrientationLandscapeLeft UIInterfaceOrientationLandscapeRight";
				LD_RUNPATH_SEARCH_PATHS = (
					"$(inherited)",
					"@executable_path/Frameworks",
				);
				MARKETING_VERSION = 1.0;
				PRODUCT_BUNDLE_IDENTIFIER = academy.credo.WeatherOutFit;
				PRODUCT_NAME = "$(TARGET_NAME)";
				SWIFT_EMIT_LOC_STRINGS = YES;
				SWIFT_VERSION = 5.0;
				TARGETED_DEVICE_FAMILY = "1,2";
			};
			name = Debug;
		};
		495CE50E2D9414070011E790 /* Release */ = {
			isa = XCBuildConfiguration;
			buildSettings = {
				ASSETCATALOG_COMPILER_APPICON_NAME = AppIcon;
				ASSETCATALOG_COMPILER_GLOBAL_ACCENT_COLOR_NAME = AccentColor;
				CODE_SIGN_STYLE = Automatic;
				CURRENT_PROJECT_VERSION = 1;
				DEVELOPMENT_ASSET_PATHS = "\"WeatherOutFit/Preview Content\"";
				DEVELOPMENT_TEAM = 5UAB2YDZ59;
				ENABLE_PREVIEWS = YES;
				GENERATE_INFOPLIST_FILE = YES;
				"INFOPLIST_FILE[sdk=*]" = WeatherOutFit/Info.plist;
				INFOPLIST_KEY_UIApplicationSceneManifest_Generation = YES;
				INFOPLIST_KEY_UIApplicationSupportsIndirectInputEvents = YES;
				INFOPLIST_KEY_UILaunchScreen_Generation = YES;
				INFOPLIST_KEY_UISupportedInterfaceOrientations_iPad = "UIInterfaceOrientationPortrait UIInterfaceOrientationPortraitUpsideDown UIInterfaceOrientationLandscapeLeft UIInterfaceOrientationLandscapeRight";
				INFOPLIST_KEY_UISupportedInterfaceOrientations_iPhone = "UIInterfaceOrientationPortrait UIInterfaceOrientationLandscapeLeft UIInterfaceOrientationLandscapeRight";
				LD_RUNPATH_SEARCH_PATHS = (
					"$(inherited)",
					"@executable_path/Frameworks",
				);
				MARKETING_VERSION = 1.0;
				PRODUCT_BUNDLE_IDENTIFIER = academy.credo.WeatherOutFit;
				PRODUCT_NAME = "$(TARGET_NAME)";
				SWIFT_EMIT_LOC_STRINGS = YES;
				SWIFT_VERSION = 5.0;
				TARGETED_DEVICE_FAMILY = "1,2";
			};
			name = Release;
		};
/* End XCBuildConfiguration section */

/* Begin XCConfigurationList section */
		495CE4E32D9414060011E790 /* Build configuration list for PBXProject "WeatherOutFit" */ = {
			isa = XCConfigurationList;
			buildConfigurations = (
				495CE50A2D9414070011E790 /* Debug */,
				495CE50B2D9414070011E790 /* Release */,
			);
			defaultConfigurationIsVisible = 0;
			defaultConfigurationName = Release;
		};
		495CE50C2D9414070011E790 /* Build configuration list for PBXNativeTarget "WeatherOutFit" */ = {
			isa = XCConfigurationList;
			buildConfigurations = (
				495CE50D2D9414070011E790 /* Debug */,
				495CE50E2D9414070011E790 /* Release */,
			);
			defaultConfigurationIsVisible = 0;
			defaultConfigurationName = Release;
		};
/* End XCConfigurationList section */
	};
	rootObject = 495CE4E02D9414060011E790 /* Project object */;
}
